dependencies:
- name: mariadb
  repository: https://kubernetes-charts.storage.googleapis.com/
  version: 4.4.2
- name: memcached
  repository: https://kubernetes-charts.storage.googleapis.com/
  version: 3.2.2
- name: mailhog
  repository: https://codecentric.github.io/helm-charts
  version: 3.1.2
- name: elasticsearch
  repository: https://helm.elastic.co
  version: 7.5.2
digest: sha256:02dde6e19fd53d97af692f2ef0e2c4c7b12ab03b09c5c7016cb07059e637d338
generated: "2020-02-25T13:53:00.457644905Z"
