dependencies:
- name: mariadb
  repository: https://storage.googleapis.com/charts.wdr.io
  version: 7.5.2
- name: pxc-db
  repository: https://percona.github.io/percona-helm-charts/
  version: 1.12.3
- name: memcached
  repository: https://storage.googleapis.com/charts.wdr.io
  version: 4.2.27
- name: redis
  repository: https://charts.bitnami.com/bitnami
  version: 16.13.2
- name: mailhog
  repository: https://codecentric.github.io/helm-charts
  version: 5.1.0
- name: elasticsearch
  repository: file://../elasticsearch
  version: 8.5.1
- name: silta-release
  repository: file://../silta-release
  version: 1.0.1
digest: sha256:b7f96b2faca0716d5dd2b8d4a21f053cea6c0fdd8c7391f463e9c677c7c00196
generated: "2025-01-21T14:03:49.041107+02:00"
