dependencies:
- name: mariadb
  repository: https://storage.googleapis.com/charts.wdr.io
  version: 7.5.2
- name: pxc-db
  repository: https://percona.github.io/percona-helm-charts/
  version: 1.12.3
- name: memcached
  repository: https://storage.googleapis.com/charts.wdr.io
  version: 4.2.27
- name: redis
  repository: https://storage.googleapis.com/charts.wdr.io
  version: 16.13.2
- name: mailhog
  repository: https://storage.googleapis.com/charts.wdr.io
  version: 5.1.0
- name: mailpit
  repository: https://jouve.github.io/charts/
  version: 0.24.0
- name: elasticsearch
  repository: file://../elasticsearch
  version: 8.5.1
- name: silta-release
  repository: file://../silta-release
  version: 1.1.0
digest: sha256:fd01e4a342c818451ae7902566fce4542d58af5987a04127898b2e6d5784f8f7
generated: "2026-09-21T10:13:56.670593+03:00"
