dependencies:
- name: mariadb
  repository: https://kubernetes-charts.storage.googleapis.com/
  version: 4.4.2
- name: memcached
  repository: https://kubernetes-charts.storage.googleapis.com/
  version: 2.3.1
- name: mailhog
  repository: https://codecentric.github.io/helm-charts
  version: 3.0.1
- name: elasticsearch
  repository: https://storage.googleapis.com/charts.wdr.io
  version: 7.3.2
digest: sha256:78fa8147fe35f0423e708d24933048c6a7f29c653cf9e323fef901dd4a0ec99a
generated: "2019-09-20T21:44:51.737295+02:00"
