dependencies:
- name: mariadb
  repository: https://storage.googleapis.com/charts.wdr.io
  version: 7.10.4
- name: mailhog
  repository: https://codecentric.github.io/helm-charts
  version: 5.1.0
- name: elasticsearch
  repository: file://../elasticsearch
  version: 8.5.1
- name: rabbitmq
  repository: https://storage.googleapis.com/charts.wdr.io
  version: 6.17.5
- name: mongodb
  repository: oci://registry-1.docker.io/bitnamicharts
  version: 14.12.3
- name: postgresql
  repository: https://storage.googleapis.com/charts.wdr.io
  version: 13.2.24
- name: silta-release
  repository: file://../silta-release
  version: 1.0.0
digest: sha256:ce1f9c915208446fda93af256bf502b3cd71d978ae2806c0e988c5d2a8b02ca6
generated: "2024-03-05T15:38:09.328520813+02:00"
