dependencies:
- name: ingress-nginx
  repository: https://kubernetes.github.io/ingress-nginx
  version: 4.6.1
- name: nginx-ingress
  repository: https://helm.nginx.com/stable
  version: 0.17.1
- name: traefik
  repository: file://../legacy_traefik
  version: 1.87.7
- name: pxc-operator
  repository: https://percona.github.io/percona-helm-charts/
  version: 1.12.2
- name: minio
  repository: https://helm.min.io/
  version: 6.0.5
- name: csi-rclone
  repository: https://storage.googleapis.com/charts.wdr.io
  version: 0.3.1
- name: cert-manager
  repository: https://charts.jetstack.io/
  version: v0.10.1
- name: silta-proxy
  repository: file://../silta-proxy
  version: 1.0.0
- name: instana-agent
  repository: https://agents.instana.io/helm
  version: 1.2.63
- name: nfs-subdir-external-provisioner
  repository: https://kubernetes-sigs.github.io/nfs-subdir-external-provisioner
  version: 4.0.18
- name: nfs-subdir-external-provisioner
  repository: https://kubernetes-sigs.github.io/nfs-subdir-external-provisioner
  version: 4.0.18
- name: docker-registry
  repository: https://helm.twun.io
  version: 2.1.0
digest: sha256:fb2fe9eb5977fac511c9912962a6a2e785b617e5ccd7d9e76e63df09cec7a4be
generated: "2023-10-03T12:34:05.780123539+03:00"
