dependencies:
- name: silta-cluster-crds
  repository: file://../silta-cluster-crds
  version: 0.1.0
- name: traefik
  repository: https://helm.traefik.io/traefik
  version: 9.8.4
- name: redis
  repository: https://charts.bitnami.com/bitnami
  version: 10.4.4
- name: minio
  repository: https://helm.min.io/
  version: 6.0.5
- name: csi-rclone
  repository: https://storage.googleapis.com/charts.wdr.io
  version: 0.1.10
- name: cert-manager
  repository: https://charts.jetstack.io/
  version: v0.10.1
- name: silta-downscaler
  repository: file://../silta-downscaler
  version: 0.1.0
- name: silta-proxy
  repository: file://../silta-proxy
  version: 0.1.0
- name: instana-agent
  repository: https://kubernetes-charts.storage.googleapis.com/
  version: 1.0.34
digest: sha256:8cf02f18d628d5bd1f93ff218fc58903a90d6d998f9e029c765b9d0a4add3f2c
generated: "2020-11-11T14:28:32.253148232+02:00"
