dependencies:
- name: ingress-nginx
  repository: https://kubernetes.github.io/ingress-nginx
  version: 4.8.3
- name: nginx-ingress
  repository: https://helm.nginx.com/stable
  version: 0.17.1
- name: traefik
  repository: file://../legacy_traefik
  version: 1.87.7
- name: pxc-operator
  repository: https://percona.github.io/percona-helm-charts/
  version: 1.12.2
- name: minio
  repository: file://../forked/minio/minio-6.0.5
  version: 6.0.5
- name: csi-rclone
  repository: https://storage.googleapis.com/charts.wdr.io
  version: 0.3.1
- name: cert-manager
  repository: https://charts.jetstack.io/
  version: v0.10.1
- name: silta-proxy
  repository: file://../silta-proxy
  version: 1.0.0
- name: instana-agent
  repository: https://agents.instana.io/helm
  version: 1.2.67
- name: nfs-subdir-external-provisioner
  repository: https://kubernetes-sigs.github.io/nfs-subdir-external-provisioner
  version: 4.0.18
- name: nfs-subdir-external-provisioner
  repository: https://kubernetes-sigs.github.io/nfs-subdir-external-provisioner
  version: 4.0.18
- name: docker-registry
  repository: https://helm.twun.io
  version: 2.1.0
- name: mariadb-operator
  repository: https://mariadb-operator.github.io/mariadb-operator
  version: 0.24.0
digest: sha256:6ef3a65bed254bc1fa940155b704d02e21f51dd08ffae66b070085bae9d60d0f
generated: "2024-01-23T14:44:52.922679344+02:00"
