dependencies:
- name: ambassador
  repository: https://kubernetes-charts.storage.googleapis.com/
  version: 2.12.5
- name: redis
  repository: https://kubernetes-charts.storage.googleapis.com/
  version: 8.1.5
- name: kube-state-metrics
  repository: https://kubernetes-charts.storage.googleapis.com/
  version: 2.2.3
- name: newrelic-infrastructure
  repository: https://kubernetes-charts.storage.googleapis.com/
  version: 0.13.8
- name: minio
  repository: https://kubernetes-charts.storage.googleapis.com/
  version: 2.5.13
- name: csi-rclone
  repository: https://storage.googleapis.com/charts.wdr.io
  version: 0.1.5
digest: sha256:c39789c86596be2778875115117c7bde4c23490d029ec29df9832ceedf0685ae
generated: "2019-09-09T08:40:21.580100891Z"
