dependencies:
- name: traefik
  repository: https://kubernetes-charts.storage.googleapis.com/
  version: 1.77.5
- name: redis
  repository: https://kubernetes-charts.storage.googleapis.com/
  version: 8.1.5
- name: kube-state-metrics
  repository: https://kubernetes-charts.storage.googleapis.com/
  version: 2.2.3
- name: newrelic-infrastructure
  repository: https://kubernetes-charts.storage.googleapis.com/
  version: 0.13.8
- name: minio
  repository: https://kubernetes-charts.storage.googleapis.com/
  version: 2.5.14
- name: csi-rclone
  repository: https://storage.googleapis.com/charts.wdr.io
  version: 0.1.5
- name: cert-manager
  repository: https://charts.jetstack.io/
  version: v0.10.0
digest: sha256:c7c7d43e5cb23ca3bb120a22c2bfb8af3642f69c01b05fae46b433f6a76d2ed5
generated: "2019-09-17T13:05:54.588338061Z"
