dependencies:
- name: nfs-server-provisioner
  repository: https://kubernetes-charts.storage.googleapis.com/
  version: 0.1.5
- name: ambassador
  repository: https://kubernetes-charts.storage.googleapis.com/
  version: 2.9.0
- name: redis
  repository: https://kubernetes-charts.storage.googleapis.com/
  version: 4.3.1
- name: kube-state-metrics
  repository: https://kubernetes-charts.storage.googleapis.com/
  version: 0.14.1
- name: newrelic-infrastructure
  repository: https://kubernetes-charts.storage.googleapis.com/
  version: 0.13.0
- name: minio
  repository: https://kubernetes-charts.storage.googleapis.com/
  version: 2.4.18
- name: csi-rclone
  repository: https://storage.googleapis.com/charts.wdr.io
  version: 0.1.4
digest: sha256:25730f3d09ab37514a640574a4cda855be1cf1d019ea341f15de3b40ac2f9463
generated: "2019-07-08T13:28:56.121143+02:00"
